
Microsoft Visual Studio Solution File, Format Version 12.00
# Visual Studio Version 16
VisualStudioVersion = 16.0.30413.136
MinimumVisualStudioVersion = 10.0.40219.1
Project("{FAE04EC0-301F-11D3-BF4B-00C04F79EFBC}") = "ARM_Lib", "ARM_Lib\ARM_Lib.csproj", "{30A4F3B4-49F7-49B9-8FDD-05D25B33ED22}"
EndProject
Global
	GlobalSection(SolutionConfigurationPlatforms) = preSolution
		Debug|Any CPU = Debug|Any CPU
		Release|Any CPU = Release|Any CPU
	EndGlobalSection
	GlobalSection(ProjectConfigurationPlatforms) = postSolution
		{30A4F3B4-49F7-49B9-8FDD-05D25B33ED22}.Debug|Any CPU.ActiveCfg = Debug|Any CPU
		{30A4F3B4-49F7-49B9-8FDD-05D25B33ED22}.Debug|Any CPU.Build.0 = Debug|Any CPU
		{30A4F3B4-49F7-49B9-8FDD-05D25B33ED22}.Release|Any CPU.ActiveCfg = Release|Any CPU
		{30A4F3B4-49F7-49B9-8FDD-05D25B33ED22}.Release|Any CPU.Build.0 = Release|Any CPU
	EndGlobalSection
	GlobalSection(SolutionProperties) = preSolution
		HideSolutionNode = FALSE
	EndGlobalSection
	GlobalSection(ExtensibilityGlobals) = postSolution
		SolutionGuid = {72B149A9-CB66-462D-BED2-164C4C4805FA}
	EndGlobalSection
EndGlobal
